
Microsoft Visual Studio Solution File, Format Version 12.00
# Visual Studio Version 17
VisualStudioVersion = 17.5.002.0
MinimumVisualStudioVersion = 10.0.40219.1
Project("{2150E333-8FDC-42A3-9474-1A3956D46DE8}") = "home", "home", "{4A0D3D8F-0350-439D-93FE-50A6E84A1250}"
EndProject
Project("{9A19103F-16F7-4668-BE54-9A1E7A4F7556}") = "Mangas", "home\Mangas\Mangas.csproj", "{14EFF53F-B8BA-4480-8FB6-D4B07041C50C}"
EndProject
Global
	GlobalSection(SolutionConfigurationPlatforms) = preSolution
		Debug|Any CPU = Debug|Any CPU
		Release|Any CPU = Release|Any CPU
	EndGlobalSection
	GlobalSection(ProjectConfigurationPlatforms) = postSolution
		{14EFF53F-B8BA-4480-8FB6-D4B07041C50C}.Debug|Any CPU.ActiveCfg = Debug|Any CPU
		{14EFF53F-B8BA-4480-8FB6-D4B07041C50C}.Debug|Any CPU.Build.0 = Debug|Any CPU
		{14EFF53F-B8BA-4480-8FB6-D4B07041C50C}.Release|Any CPU.ActiveCfg = Release|Any CPU
		{14EFF53F-B8BA-4480-8FB6-D4B07041C50C}.Release|Any CPU.Build.0 = Release|Any CPU
	EndGlobalSection
	GlobalSection(SolutionProperties) = preSolution
		HideSolutionNode = FALSE
	EndGlobalSection
	GlobalSection(NestedProjects) = preSolution
		{14EFF53F-B8BA-4480-8FB6-D4B07041C50C} = {4A0D3D8F-0350-439D-93FE-50A6E84A1250}
	EndGlobalSection
	GlobalSection(ExtensibilityGlobals) = postSolution
		SolutionGuid = {5915F810-F797-4331-AB00-08BE99F1AA06}
	EndGlobalSection
EndGlobal
